
Microsoft Visual Studio Solution File, Format Version 12.00
# Visual Studio Version 17
VisualStudioVersion = 17.0.32112.339
MinimumVisualStudioVersion = 10.0.40219.1
Project("{9A19103F-16F7-4668-BE54-9A1E7A4F7556}") = "genetic-algorithm", "genetic-algorithm\genetic-algorithm.csproj", "{0ED404A0-9E54-43E2-88A3-8DD373353DEA}"
EndProject
Project("{FAE04EC0-301F-11D3-BF4B-00C04F79EFBC}") = "genetic algorithm", "genetic algorithm\genetic algorithm.csproj", "{44ED0048-10C0-46F8-A5A9-6AB1B3746E62}"
EndProject
Global
	GlobalSection(SolutionConfigurationPlatforms) = preSolution
		Debug|Any CPU = Debug|Any CPU
		Release|Any CPU = Release|Any CPU
	EndGlobalSection
	GlobalSection(ProjectConfigurationPlatforms) = postSolution
		{0ED404A0-9E54-43E2-88A3-8DD373353DEA}.Debug|Any CPU.ActiveCfg = Debug|Any CPU
		{0ED404A0-9E54-43E2-88A3-8DD373353DEA}.Debug|Any CPU.Build.0 = Debug|Any CPU
		{0ED404A0-9E54-43E2-88A3-8DD373353DEA}.Release|Any CPU.ActiveCfg = Release|Any CPU
		{0ED404A0-9E54-43E2-88A3-8DD373353DEA}.Release|Any CPU.Build.0 = Release|Any CPU
		{44ED0048-10C0-46F8-A5A9-6AB1B3746E62}.Debug|Any CPU.ActiveCfg = Debug|Any CPU
		{44ED0048-10C0-46F8-A5A9-6AB1B3746E62}.Debug|Any CPU.Build.0 = Debug|Any CPU
		{44ED0048-10C0-46F8-A5A9-6AB1B3746E62}.Release|Any CPU.ActiveCfg = Release|Any CPU
		{44ED0048-10C0-46F8-A5A9-6AB1B3746E62}.Release|Any CPU.Build.0 = Release|Any CPU
	EndGlobalSection
	GlobalSection(SolutionProperties) = preSolution
		HideSolutionNode = FALSE
	EndGlobalSection
	GlobalSection(ExtensibilityGlobals) = postSolution
		SolutionGuid = {CF4D555B-4AF5-49DB-B3BD-ED11ACBE04E3}
	EndGlobalSection
EndGlobal
